
Microsoft Visual Studio Solution File, Format Version 12.00
# Visual Studio Version 17
VisualStudioVersion = 17.9.34607.119
MinimumVisualStudioVersion = 10.0.40219.1
Project("{9A19103F-16F7-4668-BE54-9A1E7A4F7556}") = "My_project", "My_project\My_project.csproj", "{93D98B5D-72E3-4CD1-B0CC-012DB36BD7D7}"
EndProject
Project("{FAE04EC0-301F-11D3-BF4B-00C04F79EFBC}") = "TestPJ", "TestPJ\TestPJ.csproj", "{A3713C0D-5B55-456E-90B5-44974C85E325}"
EndProject
Global
	GlobalSection(SolutionConfigurationPlatforms) = preSolution
		Debug|Any CPU = Debug|Any CPU
		Release|Any CPU = Release|Any CPU
	EndGlobalSection
	GlobalSection(ProjectConfigurationPlatforms) = postSolution
		{93D98B5D-72E3-4CD1-B0CC-012DB36BD7D7}.Debug|Any CPU.ActiveCfg = Debug|Any CPU
		{93D98B5D-72E3-4CD1-B0CC-012DB36BD7D7}.Debug|Any CPU.Build.0 = Debug|Any CPU
		{93D98B5D-72E3-4CD1-B0CC-012DB36BD7D7}.Release|Any CPU.ActiveCfg = Release|Any CPU
		{93D98B5D-72E3-4CD1-B0CC-012DB36BD7D7}.Release|Any CPU.Build.0 = Release|Any CPU
		{A3713C0D-5B55-456E-90B5-44974C85E325}.Debug|Any CPU.ActiveCfg = Debug|Any CPU
		{A3713C0D-5B55-456E-90B5-44974C85E325}.Debug|Any CPU.Build.0 = Debug|Any CPU
		{A3713C0D-5B55-456E-90B5-44974C85E325}.Release|Any CPU.ActiveCfg = Release|Any CPU
		{A3713C0D-5B55-456E-90B5-44974C85E325}.Release|Any CPU.Build.0 = Release|Any CPU
	EndGlobalSection
	GlobalSection(SolutionProperties) = preSolution
		HideSolutionNode = FALSE
	EndGlobalSection
	GlobalSection(ExtensibilityGlobals) = postSolution
		SolutionGuid = {E3299DAA-A2DD-4763-A68C-48397E31D4AB}
	EndGlobalSection
EndGlobal
