
Microsoft Visual Studio Solution File, Format Version 12.00
# Visual Studio Version 17
VisualStudioVersion = 17.9.34728.123
MinimumVisualStudioVersion = 10.0.40219.1
Project("{9A19103F-16F7-4668-BE54-9A1E7A4F7556}") = "ex01_hello_csharp", "ex01_hello_csharp\ex01_hello_csharp.csproj", "{D7066E09-641A-475E-8D10-662AA5B373B6}"
EndProject
Project("{9A19103F-16F7-4668-BE54-9A1E7A4F7556}") = "ex02_hello_world", "ex02_hello_world\ex02_hello_world.csproj", "{55556415-49A1-4974-BB36-32A947F5D783}"
EndProject
Project("{9A19103F-16F7-4668-BE54-9A1E7A4F7556}") = "ex03_loops", "ex03_loops\ex03_loops.csproj", "{2B1F96A5-667D-459E-AD84-BFA42EC89563}"
EndProject
Project("{9A19103F-16F7-4668-BE54-9A1E7A4F7556}") = "ex04_methods", "ex04_methods\ex04_methods.csproj", "{5E2DFE51-B020-4D64-AB82-9CE390A6ED22}"
EndProject
Project("{9A19103F-16F7-4668-BE54-9A1E7A4F7556}") = "ex05_classes", "ex05_classes\ex05_classes.csproj", "{D483B1B9-6B81-4F23-8B9C-D86BC204469F}"
EndProject
Project("{FAE04EC0-301F-11D3-BF4B-00C04F79EFBC}") = "ex06_properties", "ex06_properties\ex06_properties.csproj", "{997CAE1E-D791-4A6E-A6B0-AAEB8292B21A}"
EndProject
Global
	GlobalSection(SolutionConfigurationPlatforms) = preSolution
		Debug|Any CPU = Debug|Any CPU
		Release|Any CPU = Release|Any CPU
	EndGlobalSection
	GlobalSection(ProjectConfigurationPlatforms) = postSolution
		{D7066E09-641A-475E-8D10-662AA5B373B6}.Debug|Any CPU.ActiveCfg = Debug|Any CPU
		{D7066E09-641A-475E-8D10-662AA5B373B6}.Debug|Any CPU.Build.0 = Debug|Any CPU
		{D7066E09-641A-475E-8D10-662AA5B373B6}.Release|Any CPU.ActiveCfg = Release|Any CPU
		{D7066E09-641A-475E-8D10-662AA5B373B6}.Release|Any CPU.Build.0 = Release|Any CPU
		{55556415-49A1-4974-BB36-32A947F5D783}.Debug|Any CPU.ActiveCfg = Debug|Any CPU
		{55556415-49A1-4974-BB36-32A947F5D783}.Debug|Any CPU.Build.0 = Debug|Any CPU
		{55556415-49A1-4974-BB36-32A947F5D783}.Release|Any CPU.ActiveCfg = Release|Any CPU
		{55556415-49A1-4974-BB36-32A947F5D783}.Release|Any CPU.Build.0 = Release|Any CPU
		{2B1F96A5-667D-459E-AD84-BFA42EC89563}.Debug|Any CPU.ActiveCfg = Debug|Any CPU
		{2B1F96A5-667D-459E-AD84-BFA42EC89563}.Debug|Any CPU.Build.0 = Debug|Any CPU
		{2B1F96A5-667D-459E-AD84-BFA42EC89563}.Release|Any CPU.ActiveCfg = Release|Any CPU
		{2B1F96A5-667D-459E-AD84-BFA42EC89563}.Release|Any CPU.Build.0 = Release|Any CPU
		{5E2DFE51-B020-4D64-AB82-9CE390A6ED22}.Debug|Any CPU.ActiveCfg = Debug|Any CPU
		{5E2DFE51-B020-4D64-AB82-9CE390A6ED22}.Debug|Any CPU.Build.0 = Debug|Any CPU
		{5E2DFE51-B020-4D64-AB82-9CE390A6ED22}.Release|Any CPU.ActiveCfg = Release|Any CPU
		{5E2DFE51-B020-4D64-AB82-9CE390A6ED22}.Release|Any CPU.Build.0 = Release|Any CPU
		{D483B1B9-6B81-4F23-8B9C-D86BC204469F}.Debug|Any CPU.ActiveCfg = Debug|Any CPU
		{D483B1B9-6B81-4F23-8B9C-D86BC204469F}.Debug|Any CPU.Build.0 = Debug|Any CPU
		{D483B1B9-6B81-4F23-8B9C-D86BC204469F}.Release|Any CPU.ActiveCfg = Release|Any CPU
		{D483B1B9-6B81-4F23-8B9C-D86BC204469F}.Release|Any CPU.Build.0 = Release|Any CPU
		{997CAE1E-D791-4A6E-A6B0-AAEB8292B21A}.Debug|Any CPU.ActiveCfg = Debug|Any CPU
		{997CAE1E-D791-4A6E-A6B0-AAEB8292B21A}.Debug|Any CPU.Build.0 = Debug|Any CPU
		{997CAE1E-D791-4A6E-A6B0-AAEB8292B21A}.Release|Any CPU.ActiveCfg = Release|Any CPU
		{997CAE1E-D791-4A6E-A6B0-AAEB8292B21A}.Release|Any CPU.Build.0 = Release|Any CPU
	EndGlobalSection
	GlobalSection(SolutionProperties) = preSolution
		HideSolutionNode = FALSE
	EndGlobalSection
	GlobalSection(ExtensibilityGlobals) = postSolution
		SolutionGuid = {C6A4A5DD-1C0F-49CA-8B35-A81557C72A16}
	EndGlobalSection
EndGlobal
