
Microsoft Visual Studio Solution File, Format Version 12.00
# Visual Studio Version 17
VisualStudioVersion = 17.9.34728.123
MinimumVisualStudioVersion = 10.0.40219.1
Project("{FAE04EC0-301F-11D3-BF4B-00C04F79EFBC}") = "My_Project", "My_Project\My_Project.csproj", "{327B9B3F-5C8D-474D-9D59-0D8509C31ED2}"
EndProject
Global
	GlobalSection(SolutionConfigurationPlatforms) = preSolution
		Debug|Any CPU = Debug|Any CPU
		Release|Any CPU = Release|Any CPU
	EndGlobalSection
	GlobalSection(ProjectConfigurationPlatforms) = postSolution
		{327B9B3F-5C8D-474D-9D59-0D8509C31ED2}.Debug|Any CPU.ActiveCfg = Debug|Any CPU
		{327B9B3F-5C8D-474D-9D59-0D8509C31ED2}.Debug|Any CPU.Build.0 = Debug|Any CPU
		{327B9B3F-5C8D-474D-9D59-0D8509C31ED2}.Release|Any CPU.ActiveCfg = Release|Any CPU
		{327B9B3F-5C8D-474D-9D59-0D8509C31ED2}.Release|Any CPU.Build.0 = Release|Any CPU
	EndGlobalSection
	GlobalSection(SolutionProperties) = preSolution
		HideSolutionNode = FALSE
	EndGlobalSection
	GlobalSection(ExtensibilityGlobals) = postSolution
		SolutionGuid = {21F83C94-EEEE-44A6-8494-948B5F248D04}
	EndGlobalSection
EndGlobal
